// !$*UTF8*$!
{
	archiveVersion = 1;
	classes = {
	};
	objectVersion = 60;
	objects = {

/* Begin PBXBuildFile section */
		A08D907B293A2173B6E179F6 /* TabBarViewController.swift in Sources */ = {isa = PBXBuildFile; fileRef = A08D97FFF292F33C23014BE2 /* TabBarViewController.swift */; };
		A08D90C36B0109CB159289E9 /* Poppins-Bold.ttf in Resources */ = {isa = PBXBuildFile; fileRef = A08D99F6BDF039A4AE174903 /* Poppins-Bold.ttf */; };
		A08D90E67EDD25043FA63845 /* Poppins-ExtraLight.ttf in Resources */ = {isa = PBXBuildFile; fileRef = A08D9772B0B398DFC1D97416 /* Poppins-ExtraLight.ttf */; };
		A08D91B3EBED549972CA5060 /* Poppins-ExtraLightItalic.ttf in Resources */ = {isa = PBXBuildFile; fileRef = A08D9EC7734F993131E40B28 /* Poppins-ExtraLightItalic.ttf */; };
		A08D923FE3C01291E6A66436 /* Poppins-MediumItalic.ttf in Resources */ = {isa = PBXBuildFile; fileRef = A08D9FB6C4319949BCD35FEC /* Poppins-MediumItalic.ttf */; };
		A08D9271847BAC110C94D407 /* Poppins-Italic.ttf in Resources */ = {isa = PBXBuildFile; fileRef = A08D9ECE24103805739F5A1C /* Poppins-Italic.ttf */; };
		A08D940E87B520C08DC6A313 /* Poppins-Thin.ttf in Resources */ = {isa = PBXBuildFile; fileRef = A08D9AD3AA2D720C6F5A852D /* Poppins-Thin.ttf */; };
		A08D945FA4DB5FAC1469A9BD /* ShuttleRealtimeViewController.swift in Sources */ = {isa = PBXBuildFile; fileRef = A08D9129EA758722AF6B129A /* ShuttleRealtimeViewController.swift */; };
		A08D94FB58A2C6B2044EC61F /* Poppins-BoldItalic.ttf in Resources */ = {isa = PBXBuildFile; fileRef = A08D96BF0977FC8C726E5D60 /* Poppins-BoldItalic.ttf */; };
		A08D9572B82F61D1E4F2C0A8 /* Poppins-ThinItalic.ttf in Resources */ = {isa = PBXBuildFile; fileRef = A08D98347023BC38CCC1771E /* Poppins-ThinItalic.ttf */; };
		A08D98EBFEE07997A5D800A1 /* Poppins-Black.ttf in Resources */ = {isa = PBXBuildFile; fileRef = A08D92BB1E56D196F86E94B9 /* Poppins-Black.ttf */; };
		A08D9ACB4F723B1504C35BB5 /* Poppins-SemiBoldItalic.ttf in Resources */ = {isa = PBXBuildFile; fileRef = A08D9592B06467942551A431 /* Poppins-SemiBoldItalic.ttf */; };
		A08D9B3CC14B7CB1B316B2D4 /* CustomFont.swift in Sources */ = {isa = PBXBuildFile; fileRef = A08D93DC0E81F8832666BA97 /* CustomFont.swift */; };
		A08D9CA1A47441B206883478 /* Poppins-ExtraBoldItalic.ttf in Resources */ = {isa = PBXBuildFile; fileRef = A08D94CBCF7E61D5E57CB0E7 /* Poppins-ExtraBoldItalic.ttf */; };
		A08D9CFCE4C634791F7F3EC3 /* Poppins-Medium.ttf in Resources */ = {isa = PBXBuildFile; fileRef = A08D938F744A95E396C053E5 /* Poppins-Medium.ttf */; };
		A08D9D7CA3D24F10890DCE64 /* Poppins-BlackItalic.ttf in Resources */ = {isa = PBXBuildFile; fileRef = A08D9F35C13E093067817748 /* Poppins-BlackItalic.ttf */; };
		A08D9DEE87D59F792DE68ECE /* Poppins-Regular.ttf in Resources */ = {isa = PBXBuildFile; fileRef = A08D9DEE3AE2C3FBAD63209E /* Poppins-Regular.ttf */; };
		A08D9E98A23DB695B8D15249 /* Poppins-LightItalic.ttf in Resources */ = {isa = PBXBuildFile; fileRef = A08D957CE091AAAB1C73840C /* Poppins-LightItalic.ttf */; };
		A08D9ED0F5A47CB3619B4CD0 /* Poppins-ExtraBold.ttf in Resources */ = {isa = PBXBuildFile; fileRef = A08D96BB164466F6CA829674 /* Poppins-ExtraBold.ttf */; };
		A08D9F2E67099DC7BBBFA3EF /* Poppins-Light.ttf in Resources */ = {isa = PBXBuildFile; fileRef = A08D9E822CDD00CD9D66EE31 /* Poppins-Light.ttf */; };
		A08D9FFD4FB070D483DB725F /* Poppins-SemiBold.ttf in Resources */ = {isa = PBXBuildFile; fileRef = A08D9823993A68E16A24EF1B /* Poppins-SemiBold.ttf */; };
		C736EB5D2AA87AA4005A42F7 /* QueryAPI in Frameworks */ = {isa = PBXBuildFile; productRef = C736EB5C2AA87AA4005A42F7 /* QueryAPI */; };
		C736EB602AA87AD4005A42F7 /* Network.swift in Sources */ = {isa = PBXBuildFile; fileRef = C736EB5F2AA87AD4005A42F7 /* Network.swift */; };
		C736EB632AA87E86005A42F7 /* RxSwift in Frameworks */ = {isa = PBXBuildFile; productRef = C736EB622AA87E86005A42F7 /* RxSwift */; };
		C736EB652AA8863D005A42F7 /* ShuttleRealtimeFooterView.swift in Sources */ = {isa = PBXBuildFile; fileRef = C736EB642AA8863D005A42F7 /* ShuttleRealtimeFooterView.swift */; };
		C736EB672AA88E4B005A42F7 /* ShuttleRealtimeListItemView.swift in Sources */ = {isa = PBXBuildFile; fileRef = C736EB662AA88E4B005A42F7 /* ShuttleRealtimeListItemView.swift */; };
		C736EB6A2AA8A883005A42F7 /* ShuttleArrivalItem.swift in Sources */ = {isa = PBXBuildFile; fileRef = C736EB692AA8A883005A42F7 /* ShuttleArrivalItem.swift */; };
		C736EB6C2AA8AA79005A42F7 /* ShuttleEmptyListItemView.swift in Sources */ = {isa = PBXBuildFile; fileRef = C736EB6B2AA8AA79005A42F7 /* ShuttleEmptyListItemView.swift */; };
		C7548F832AA5A5F800C354A2 /* Navigation.xcstrings in Resources */ = {isa = PBXBuildFile; fileRef = C7548F822AA5A5F800C354A2 /* Navigation.xcstrings */; };
		C7548F852AA5A72400C354A2 /* Localization.swift in Sources */ = {isa = PBXBuildFile; fileRef = C7548F842AA5A72400C354A2 /* Localization.swift */; };
		C7548F872AA5A86900C354A2 /* ShuttleNavigationController.swift in Sources */ = {isa = PBXBuildFile; fileRef = C7548F862AA5A86900C354A2 /* ShuttleNavigationController.swift */; };
		C7548F892AA5B7EE00C354A2 /* StatusBar.swift in Sources */ = {isa = PBXBuildFile; fileRef = C7548F882AA5B7EE00C354A2 /* StatusBar.swift */; };
		C7548F8D2AA5E77900C354A2 /* ViewPager.swift in Sources */ = {isa = PBXBuildFile; fileRef = C7548F8C2AA5E77900C354A2 /* ViewPager.swift */; };
		C7548F8F2AA5E7B800C354A2 /* TabbedView.swift in Sources */ = {isa = PBXBuildFile; fileRef = C7548F8E2AA5E7B800C354A2 /* TabbedView.swift */; };
		C7548F912AA5E8CB00C354A2 /* TabCollectionViewCell.swift in Sources */ = {isa = PBXBuildFile; fileRef = C7548F902AA5E8CB00C354A2 /* TabCollectionViewCell.swift */; };
		C7548F932AA5EF4400C354A2 /* PagedView.swift in Sources */ = {isa = PBXBuildFile; fileRef = C7548F922AA5EF4400C354A2 /* PagedView.swift */; };
		C7548F952AA5F0E900C354A2 /* PagedCollectionViewCell.swift in Sources */ = {isa = PBXBuildFile; fileRef = C7548F942AA5F0E900C354A2 /* PagedCollectionViewCell.swift */; };
		C7548F972AA5F1C200C354A2 /* AppTabItem.swift in Sources */ = {isa = PBXBuildFile; fileRef = C7548F962AA5F1C200C354A2 /* AppTabItem.swift */; };
		C7548F992AA6031500C354A2 /* Shuttle.xcstrings in Resources */ = {isa = PBXBuildFile; fileRef = C7548F982AA6031500C354A2 /* Shuttle.xcstrings */; };
		C7548F9B2AA6AE2800C354A2 /* ShuttleRealtimeListViewController.swift in Sources */ = {isa = PBXBuildFile; fileRef = C7548F9A2AA6AE2800C354A2 /* ShuttleRealtimeListViewController.swift */; };
		C7548F9D2AA6B84C00C354A2 /* ShuttleRealtimeHeaderView.swift in Sources */ = {isa = PBXBuildFile; fileRef = C7548F9C2AA6B84C00C354A2 /* ShuttleRealtimeHeaderView.swift */; };
		C7548FA02AA6BB3D00C354A2 /* Apollo in Frameworks */ = {isa = PBXBuildFile; productRef = C7548F9F2AA6BB3D00C354A2 /* Apollo */; };
		C7874FC22AAEAC4200BB9EF5 /* BusTimetableQueryParams.swift in Sources */ = {isa = PBXBuildFile; fileRef = C7874FC12AAEAC4200BB9EF5 /* BusTimetableQueryParams.swift */; };
		C7874FC42AAEAC9500BB9EF5 /* BusTimetableViewController.swift in Sources */ = {isa = PBXBuildFile; fileRef = C7874FC32AAEAC9500BB9EF5 /* BusTimetableViewController.swift */; };
		C7CF65372AA490B1001EF16F /* AppDelegate.swift in Sources */ = {isa = PBXBuildFile; fileRef = C7CF65362AA490B1001EF16F /* AppDelegate.swift */; };
		C7CF65402AA490B2001EF16F /* Assets.xcassets in Resources */ = {isa = PBXBuildFile; fileRef = C7CF653F2AA490B2001EF16F /* Assets.xcassets */; };
		C7CF65432AA490B2001EF16F /* LaunchScreen.storyboard in Resources */ = {isa = PBXBuildFile; fileRef = C7CF65412AA490B2001EF16F /* LaunchScreen.storyboard */; };
		C7CF654E2AA490B2001EF16F /* hyuabotTests.swift in Sources */ = {isa = PBXBuildFile; fileRef = C7CF654D2AA490B2001EF16F /* hyuabotTests.swift */; };
		C7CF65582AA490B2001EF16F /* hyuabotUITests.swift in Sources */ = {isa = PBXBuildFile; fileRef = C7CF65572AA490B2001EF16F /* hyuabotUITests.swift */; };
		C7CF655A2AA490B2001EF16F /* hyuabotUITestsLaunchTests.swift in Sources */ = {isa = PBXBuildFile; fileRef = C7CF65592AA490B2001EF16F /* hyuabotUITestsLaunchTests.swift */; };
		C7CF65672AA57F0D001EF16F /* SceneDelegate.swift in Sources */ = {isa = PBXBuildFile; fileRef = C7CF65662AA57F0D001EF16F /* SceneDelegate.swift */; };
		C7CF65692AA59C27001EF16F /* InfoPlist.strings in Resources */ = {isa = PBXBuildFile; fileRef = C7CF656B2AA59C27001EF16F /* InfoPlist.strings */; };
		C7DD8F032AAAD66B006958D7 /* Toast.swift in Sources */ = {isa = PBXBuildFile; fileRef = C7DD8F022AAAD66B006958D7 /* Toast.swift */; };
		C7DD8F052AAAD695006958D7 /* Localizable.xcstrings in Resources */ = {isa = PBXBuildFile; fileRef = C7DD8F042AAAD695006958D7 /* Localizable.xcstrings */; };
		C7DD8F072AAAED36006958D7 /* ShuttleTimetableQueryParams.swift in Sources */ = {isa = PBXBuildFile; fileRef = C7DD8F062AAAED36006958D7 /* ShuttleTimetableQueryParams.swift */; };
		C7E751DA2AAB2F90001FD1B3 /* ShuttleTimetableViewController.swift in Sources */ = {isa = PBXBuildFile; fileRef = C7E751D92AAB2F90001FD1B3 /* ShuttleTimetableViewController.swift */; };
		C7E751DE2AAB3002001FD1B3 /* ShuttleDate.swift in Sources */ = {isa = PBXBuildFile; fileRef = C7E751DD2AAB3002001FD1B3 /* ShuttleDate.swift */; };
		C7E751E02AAB3B9B001FD1B3 /* ShuttleTimetableListViewController.swift in Sources */ = {isa = PBXBuildFile; fileRef = C7E751DF2AAB3B9B001FD1B3 /* ShuttleTimetableListViewController.swift */; };
		C7E751E22AAB3D2B001FD1B3 /* ShuttleTimetableItem.swift in Sources */ = {isa = PBXBuildFile; fileRef = C7E751E12AAB3D2B001FD1B3 /* ShuttleTimetableItem.swift */; };
		C7E751E42AAB3E34001FD1B3 /* ShuttleTimetableListItemView.swift in Sources */ = {isa = PBXBuildFile; fileRef = C7E751E32AAB3E34001FD1B3 /* ShuttleTimetableListItemView.swift */; };
		C7E751E62AAC90FA001FD1B3 /* ShuttleTimetableParamViewController.swift in Sources */ = {isa = PBXBuildFile; fileRef = C7E751E52AAC90FA001FD1B3 /* ShuttleTimetableParamViewController.swift */; };
		C7E751E92AAD8B3C001FD1B3 /* BusNavigationController.swift in Sources */ = {isa = PBXBuildFile; fileRef = C7E751E82AAD8B3C001FD1B3 /* BusNavigationController.swift */; };
		C7E751EB2AAD8BB4001FD1B3 /* BusRealtimeViewController.swift in Sources */ = {isa = PBXBuildFile; fileRef = C7E751EA2AAD8BB4001FD1B3 /* BusRealtimeViewController.swift */; };
		C7E751EF2AAD9226001FD1B3 /* Then in Frameworks */ = {isa = PBXBuildFile; productRef = C7E751EE2AAD9226001FD1B3 /* Then */; };
		C7E751F12AAD929F001FD1B3 /* Bus.xcstrings in Resources */ = {isa = PBXBuildFile; fileRef = C7E751F02AAD929F001FD1B3 /* Bus.xcstrings */; };
		C7E751F42AAD95B8001FD1B3 /* BusType.swift in Sources */ = {isa = PBXBuildFile; fileRef = C7E751F32AAD95B8001FD1B3 /* BusType.swift */; };
		C7E751F62AAD95E2001FD1B3 /* BusRealtimeListViewController.swift in Sources */ = {isa = PBXBuildFile; fileRef = C7E751F52AAD95E2001FD1B3 /* BusRealtimeListViewController.swift */; };
		C7E751F82AAD96F6001FD1B3 /* BusArrivalItem.swift in Sources */ = {isa = PBXBuildFile; fileRef = C7E751F72AAD96F6001FD1B3 /* BusArrivalItem.swift */; };
		C7E751FA2AAD98EE001FD1B3 /* BusRealtimeHeaderView.swift in Sources */ = {isa = PBXBuildFile; fileRef = C7E751F92AAD98EE001FD1B3 /* BusRealtimeHeaderView.swift */; };
		C7E751FC2AAD98FD001FD1B3 /* BusRealtimeFooterView.swift in Sources */ = {isa = PBXBuildFile; fileRef = C7E751FB2AAD98FD001FD1B3 /* BusRealtimeFooterView.swift */; };
		C7E751FE2AAD9BF2001FD1B3 /* BusEmptyListView.swift in Sources */ = {isa = PBXBuildFile; fileRef = C7E751FD2AAD9BF2001FD1B3 /* BusEmptyListView.swift */; };
		C7E752002AADAD72001FD1B3 /* BusRealtimeListItemView.swift in Sources */ = {isa = PBXBuildFile; fileRef = C7E751FF2AADAD72001FD1B3 /* BusRealtimeListItemView.swift */; };
		C7E9F8232AA99DD30064B873 /* ShuttleStop.swift in Sources */ = {isa = PBXBuildFile; fileRef = C7E9F8222AA99DD30064B873 /* ShuttleStop.swift */; };
		C7E9F8252AA9E6BA0064B873 /* ShuttleCellView.swift in Sources */ = {isa = PBXBuildFile; fileRef = C7E9F8242AA9E6BA0064B873 /* ShuttleCellView.swift */; };
/* End PBXBuildFile section */

/* Begin PBXContainerItemProxy section */
		C7CF654A2AA490B2001EF16F /* PBXContainerItemProxy */ = {
			isa = PBXContainerItemProxy;
			containerPortal = C7CF652B2AA490B1001EF16F /* Project object */;
			proxyType = 1;
			remoteGlobalIDString = C7CF65322AA490B1001EF16F;
			remoteInfo = hyuabot;
		};
		C7CF65542AA490B2001EF16F /* PBXContainerItemProxy */ = {
			isa = PBXContainerItemProxy;
			containerPortal = C7CF652B2AA490B1001EF16F /* Project object */;
			proxyType = 1;
			remoteGlobalIDString = C7CF65322AA490B1001EF16F;
			remoteInfo = hyuabot;
		};
/* End PBXContainerItemProxy section */

/* Begin PBXFileReference section */
		A08D9129EA758722AF6B129A /* ShuttleRealtimeViewController.swift */ = {isa = PBXFileReference; fileEncoding = 4; lastKnownFileType = sourcecode.swift; path = ShuttleRealtimeViewController.swift; sourceTree = "<group>"; };
		A08D92BB1E56D196F86E94B9 /* Poppins-Black.ttf */ = {isa = PBXFileReference; lastKnownFileType = file.ttf; path = "Poppins-Black.ttf"; sourceTree = "<group>"; };
		A08D938F744A95E396C053E5 /* Poppins-Medium.ttf */ = {isa = PBXFileReference; lastKnownFileType = file.ttf; path = "Poppins-Medium.ttf"; sourceTree = "<group>"; };
		A08D93DC0E81F8832666BA97 /* CustomFont.swift */ = {isa = PBXFileReference; fileEncoding = 4; lastKnownFileType = sourcecode.swift; path = CustomFont.swift; sourceTree = "<group>"; };
		A08D94CBCF7E61D5E57CB0E7 /* Poppins-ExtraBoldItalic.ttf */ = {isa = PBXFileReference; lastKnownFileType = file.ttf; path = "Poppins-ExtraBoldItalic.ttf"; sourceTree = "<group>"; };
		A08D957CE091AAAB1C73840C /* Poppins-LightItalic.ttf */ = {isa = PBXFileReference; lastKnownFileType = file.ttf; path = "Poppins-LightItalic.ttf"; sourceTree = "<group>"; };
		A08D9592B06467942551A431 /* Poppins-SemiBoldItalic.ttf */ = {isa = PBXFileReference; lastKnownFileType = file.ttf; path = "Poppins-SemiBoldItalic.ttf"; sourceTree = "<group>"; };
		A08D96BB164466F6CA829674 /* Poppins-ExtraBold.ttf */ = {isa = PBXFileReference; lastKnownFileType = file.ttf; path = "Poppins-ExtraBold.ttf"; sourceTree = "<group>"; };
		A08D96BF0977FC8C726E5D60 /* Poppins-BoldItalic.ttf */ = {isa = PBXFileReference; lastKnownFileType = file.ttf; path = "Poppins-BoldItalic.ttf"; sourceTree = "<group>"; };
		A08D9772B0B398DFC1D97416 /* Poppins-ExtraLight.ttf */ = {isa = PBXFileReference; lastKnownFileType = file.ttf; path = "Poppins-ExtraLight.ttf"; sourceTree = "<group>"; };
		A08D97FFF292F33C23014BE2 /* TabBarViewController.swift */ = {isa = PBXFileReference; fileEncoding = 4; lastKnownFileType = sourcecode.swift; path = TabBarViewController.swift; sourceTree = "<group>"; };
		A08D9823993A68E16A24EF1B /* Poppins-SemiBold.ttf */ = {isa = PBXFileReference; lastKnownFileType = file.ttf; path = "Poppins-SemiBold.ttf"; sourceTree = "<group>"; };
		A08D98347023BC38CCC1771E /* Poppins-ThinItalic.ttf */ = {isa = PBXFileReference; lastKnownFileType = file.ttf; path = "Poppins-ThinItalic.ttf"; sourceTree = "<group>"; };
		A08D99F6BDF039A4AE174903 /* Poppins-Bold.ttf */ = {isa = PBXFileReference; lastKnownFileType = file.ttf; path = "Poppins-Bold.ttf"; sourceTree = "<group>"; };
		A08D9AD3AA2D720C6F5A852D /* Poppins-Thin.ttf */ = {isa = PBXFileReference; lastKnownFileType = file.ttf; path = "Poppins-Thin.ttf"; sourceTree = "<group>"; };
		A08D9DEE3AE2C3FBAD63209E /* Poppins-Regular.ttf */ = {isa = PBXFileReference; lastKnownFileType = file.ttf; path = "Poppins-Regular.ttf"; sourceTree = "<group>"; };
		A08D9E822CDD00CD9D66EE31 /* Poppins-Light.ttf */ = {isa = PBXFileReference; lastKnownFileType = file.ttf; path = "Poppins-Light.ttf"; sourceTree = "<group>"; };
		A08D9EC7734F993131E40B28 /* Poppins-ExtraLightItalic.ttf */ = {isa = PBXFileReference; lastKnownFileType = file.ttf; path = "Poppins-ExtraLightItalic.ttf"; sourceTree = "<group>"; };
		A08D9ECE24103805739F5A1C /* Poppins-Italic.ttf */ = {isa = PBXFileReference; lastKnownFileType = file.ttf; path = "Poppins-Italic.ttf"; sourceTree = "<group>"; };
		A08D9F35C13E093067817748 /* Poppins-BlackItalic.ttf */ = {isa = PBXFileReference; lastKnownFileType = file.ttf; path = "Poppins-BlackItalic.ttf"; sourceTree = "<group>"; };
		A08D9FB6C4319949BCD35FEC /* Poppins-MediumItalic.ttf */ = {isa = PBXFileReference; lastKnownFileType = file.ttf; path = "Poppins-MediumItalic.ttf"; sourceTree = "<group>"; };
		C736EB5F2AA87AD4005A42F7 /* Network.swift */ = {isa = PBXFileReference; lastKnownFileType = sourcecode.swift; path = Network.swift; sourceTree = "<group>"; };
		C736EB642AA8863D005A42F7 /* ShuttleRealtimeFooterView.swift */ = {isa = PBXFileReference; lastKnownFileType = sourcecode.swift; path = ShuttleRealtimeFooterView.swift; sourceTree = "<group>"; };
		C736EB662AA88E4B005A42F7 /* ShuttleRealtimeListItemView.swift */ = {isa = PBXFileReference; lastKnownFileType = sourcecode.swift; path = ShuttleRealtimeListItemView.swift; sourceTree = "<group>"; };
		C736EB692AA8A883005A42F7 /* ShuttleArrivalItem.swift */ = {isa = PBXFileReference; lastKnownFileType = sourcecode.swift; path = ShuttleArrivalItem.swift; sourceTree = "<group>"; };
		C736EB6B2AA8AA79005A42F7 /* ShuttleEmptyListItemView.swift */ = {isa = PBXFileReference; lastKnownFileType = sourcecode.swift; path = ShuttleEmptyListItemView.swift; sourceTree = "<group>"; };
		C7548F822AA5A5F800C354A2 /* Navigation.xcstrings */ = {isa = PBXFileReference; lastKnownFileType = text.json.xcstrings; path = Navigation.xcstrings; sourceTree = "<group>"; };
		C7548F842AA5A72400C354A2 /* Localization.swift */ = {isa = PBXFileReference; lastKnownFileType = sourcecode.swift; path = Localization.swift; sourceTree = "<group>"; };
		C7548F862AA5A86900C354A2 /* ShuttleNavigationController.swift */ = {isa = PBXFileReference; lastKnownFileType = sourcecode.swift; path = ShuttleNavigationController.swift; sourceTree = "<group>"; };
		C7548F882AA5B7EE00C354A2 /* StatusBar.swift */ = {isa = PBXFileReference; lastKnownFileType = sourcecode.swift; path = StatusBar.swift; sourceTree = "<group>"; };
		C7548F8C2AA5E77900C354A2 /* ViewPager.swift */ = {isa = PBXFileReference; lastKnownFileType = sourcecode.swift; path = ViewPager.swift; sourceTree = "<group>"; };
		C7548F8E2AA5E7B800C354A2 /* TabbedView.swift */ = {isa = PBXFileReference; lastKnownFileType = sourcecode.swift; path = TabbedView.swift; sourceTree = "<group>"; };
		C7548F902AA5E8CB00C354A2 /* TabCollectionViewCell.swift */ = {isa = PBXFileReference; lastKnownFileType = sourcecode.swift; path = TabCollectionViewCell.swift; sourceTree = "<group>"; };
		C7548F922AA5EF4400C354A2 /* PagedView.swift */ = {isa = PBXFileReference; lastKnownFileType = sourcecode.swift; path = PagedView.swift; sourceTree = "<group>"; };
		C7548F942AA5F0E900C354A2 /* PagedCollectionViewCell.swift */ = {isa = PBXFileReference; lastKnownFileType = sourcecode.swift; path = PagedCollectionViewCell.swift; sourceTree = "<group>"; };
		C7548F962AA5F1C200C354A2 /* AppTabItem.swift */ = {isa = PBXFileReference; lastKnownFileType = sourcecode.swift; path = AppTabItem.swift; sourceTree = "<group>"; };
		C7548F982AA6031500C354A2 /* Shuttle.xcstrings */ = {isa = PBXFileReference; lastKnownFileType = text.json.xcstrings; path = Shuttle.xcstrings; sourceTree = "<group>"; };
		C7548F9A2AA6AE2800C354A2 /* ShuttleRealtimeListViewController.swift */ = {isa = PBXFileReference; lastKnownFileType = sourcecode.swift; path = ShuttleRealtimeListViewController.swift; sourceTree = "<group>"; };
		C7548F9C2AA6B84C00C354A2 /* ShuttleRealtimeHeaderView.swift */ = {isa = PBXFileReference; lastKnownFileType = sourcecode.swift; path = ShuttleRealtimeHeaderView.swift; sourceTree = "<group>"; };
		C7874FC12AAEAC4200BB9EF5 /* BusTimetableQueryParams.swift */ = {isa = PBXFileReference; lastKnownFileType = sourcecode.swift; path = BusTimetableQueryParams.swift; sourceTree = "<group>"; };
		C7874FC32AAEAC9500BB9EF5 /* BusTimetableViewController.swift */ = {isa = PBXFileReference; lastKnownFileType = sourcecode.swift; path = BusTimetableViewController.swift; sourceTree = "<group>"; };
		C7CF65332AA490B1001EF16F /* hyuabot.app */ = {isa = PBXFileReference; explicitFileType = wrapper.application; includeInIndex = 0; path = hyuabot.app; sourceTree = BUILT_PRODUCTS_DIR; };
		C7CF65362AA490B1001EF16F /* AppDelegate.swift */ = {isa = PBXFileReference; lastKnownFileType = sourcecode.swift; path = AppDelegate.swift; sourceTree = "<group>"; };
		C7CF653F2AA490B2001EF16F /* Assets.xcassets */ = {isa = PBXFileReference; lastKnownFileType = folder.assetcatalog; path = Assets.xcassets; sourceTree = "<group>"; };
		C7CF65422AA490B2001EF16F /* Base */ = {isa = PBXFileReference; lastKnownFileType = file.storyboard; name = Base; path = Base.lproj/LaunchScreen.storyboard; sourceTree = "<group>"; };
		C7CF65442AA490B2001EF16F /* Info.plist */ = {isa = PBXFileReference; lastKnownFileType = text.plist.xml; path = Info.plist; sourceTree = "<group>"; };
		C7CF65492AA490B2001EF16F /* hyuabotTests.xctest */ = {isa = PBXFileReference; explicitFileType = wrapper.cfbundle; includeInIndex = 0; path = hyuabotTests.xctest; sourceTree = BUILT_PRODUCTS_DIR; };
		C7CF654D2AA490B2001EF16F /* hyuabotTests.swift */ = {isa = PBXFileReference; lastKnownFileType = sourcecode.swift; path = hyuabotTests.swift; sourceTree = "<group>"; };
		C7CF65532AA490B2001EF16F /* hyuabotUITests.xctest */ = {isa = PBXFileReference; explicitFileType = wrapper.cfbundle; includeInIndex = 0; path = hyuabotUITests.xctest; sourceTree = BUILT_PRODUCTS_DIR; };
		C7CF65572AA490B2001EF16F /* hyuabotUITests.swift */ = {isa = PBXFileReference; lastKnownFileType = sourcecode.swift; path = hyuabotUITests.swift; sourceTree = "<group>"; };
		C7CF65592AA490B2001EF16F /* hyuabotUITestsLaunchTests.swift */ = {isa = PBXFileReference; lastKnownFileType = sourcecode.swift; path = hyuabotUITestsLaunchTests.swift; sourceTree = "<group>"; };
		C7CF65662AA57F0D001EF16F /* SceneDelegate.swift */ = {isa = PBXFileReference; lastKnownFileType = sourcecode.swift; path = SceneDelegate.swift; sourceTree = "<group>"; };
		C7CF65682AA59C11001EF16F /* ko */ = {isa = PBXFileReference; lastKnownFileType = text.plist.strings; name = ko; path = ko.lproj/LaunchScreen.strings; sourceTree = "<group>"; };
		C7CF656A2AA59C27001EF16F /* en */ = {isa = PBXFileReference; lastKnownFileType = text.plist.strings; name = en; path = en.lproj/InfoPlist.strings; sourceTree = "<group>"; };
		C7CF656C2AA59C34001EF16F /* ko */ = {isa = PBXFileReference; lastKnownFileType = text.plist.strings; name = ko; path = ko.lproj/InfoPlist.strings; sourceTree = "<group>"; };
		C7DD8F022AAAD66B006958D7 /* Toast.swift */ = {isa = PBXFileReference; lastKnownFileType = sourcecode.swift; path = Toast.swift; sourceTree = "<group>"; };
		C7DD8F042AAAD695006958D7 /* Localizable.xcstrings */ = {isa = PBXFileReference; lastKnownFileType = text.json.xcstrings; path = Localizable.xcstrings; sourceTree = "<group>"; };
		C7DD8F062AAAED36006958D7 /* ShuttleTimetableQueryParams.swift */ = {isa = PBXFileReference; lastKnownFileType = sourcecode.swift; path = ShuttleTimetableQueryParams.swift; sourceTree = "<group>"; };
		C7E751D92AAB2F90001FD1B3 /* ShuttleTimetableViewController.swift */ = {isa = PBXFileReference; lastKnownFileType = sourcecode.swift; path = ShuttleTimetableViewController.swift; sourceTree = "<group>"; };
		C7E751DD2AAB3002001FD1B3 /* ShuttleDate.swift */ = {isa = PBXFileReference; lastKnownFileType = sourcecode.swift; path = ShuttleDate.swift; sourceTree = "<group>"; };
		C7E751DF2AAB3B9B001FD1B3 /* ShuttleTimetableListViewController.swift */ = {isa = PBXFileReference; lastKnownFileType = sourcecode.swift; path = ShuttleTimetableListViewController.swift; sourceTree = "<group>"; };
		C7E751E12AAB3D2B001FD1B3 /* ShuttleTimetableItem.swift */ = {isa = PBXFileReference; lastKnownFileType = sourcecode.swift; path = ShuttleTimetableItem.swift; sourceTree = "<group>"; };
		C7E751E32AAB3E34001FD1B3 /* ShuttleTimetableListItemView.swift */ = {isa = PBXFileReference; lastKnownFileType = sourcecode.swift; path = ShuttleTimetableListItemView.swift; sourceTree = "<group>"; };
		C7E751E52AAC90FA001FD1B3 /* ShuttleTimetableParamViewController.swift */ = {isa = PBXFileReference; lastKnownFileType = sourcecode.swift; path = ShuttleTimetableParamViewController.swift; sourceTree = "<group>"; };
		C7E751E82AAD8B3C001FD1B3 /* BusNavigationController.swift */ = {isa = PBXFileReference; lastKnownFileType = sourcecode.swift; path = BusNavigationController.swift; sourceTree = "<group>"; };
		C7E751EA2AAD8BB4001FD1B3 /* BusRealtimeViewController.swift */ = {isa = PBXFileReference; lastKnownFileType = sourcecode.swift; path = BusRealtimeViewController.swift; sourceTree = "<group>"; };
		C7E751F02AAD929F001FD1B3 /* Bus.xcstrings */ = {isa = PBXFileReference; lastKnownFileType = text.json.xcstrings; path = Bus.xcstrings; sourceTree = "<group>"; };
		C7E751F32AAD95B8001FD1B3 /* BusType.swift */ = {isa = PBXFileReference; lastKnownFileType = sourcecode.swift; path = BusType.swift; sourceTree = "<group>"; };
		C7E751F52AAD95E2001FD1B3 /* BusRealtimeListViewController.swift */ = {isa = PBXFileReference; lastKnownFileType = sourcecode.swift; path = BusRealtimeListViewController.swift; sourceTree = "<group>"; };
		C7E751F72AAD96F6001FD1B3 /* BusArrivalItem.swift */ = {isa = PBXFileReference; lastKnownFileType = sourcecode.swift; path = BusArrivalItem.swift; sourceTree = "<group>"; };
		C7E751F92AAD98EE001FD1B3 /* BusRealtimeHeaderView.swift */ = {isa = PBXFileReference; lastKnownFileType = sourcecode.swift; path = BusRealtimeHeaderView.swift; sourceTree = "<group>"; };
		C7E751FB2AAD98FD001FD1B3 /* BusRealtimeFooterView.swift */ = {isa = PBXFileReference; lastKnownFileType = sourcecode.swift; path = BusRealtimeFooterView.swift; sourceTree = "<group>"; };
		C7E751FD2AAD9BF2001FD1B3 /* BusEmptyListView.swift */ = {isa = PBXFileReference; lastKnownFileType = sourcecode.swift; path = BusEmptyListView.swift; sourceTree = "<group>"; };
		C7E751FF2AADAD72001FD1B3 /* BusRealtimeListItemView.swift */ = {isa = PBXFileReference; lastKnownFileType = sourcecode.swift; path = BusRealtimeListItemView.swift; sourceTree = "<group>"; };
		C7E9F8222AA99DD30064B873 /* ShuttleStop.swift */ = {isa = PBXFileReference; lastKnownFileType = sourcecode.swift; path = ShuttleStop.swift; sourceTree = "<group>"; };
		C7E9F8242AA9E6BA0064B873 /* ShuttleCellView.swift */ = {isa = PBXFileReference; lastKnownFileType = sourcecode.swift; path = ShuttleCellView.swift; sourceTree = "<group>"; };
/* End PBXFileReference section */

/* Begin PBXFrameworksBuildPhase section */
		C7CF65302AA490B1001EF16F /* Frameworks */ = {
			isa = PBXFrameworksBuildPhase;
			buildActionMask = 2147483647;
			files = (
				C736EB632AA87E86005A42F7 /* RxSwift in Frameworks */,
				C736EB5D2AA87AA4005A42F7 /* QueryAPI in Frameworks */,
				C7548FA02AA6BB3D00C354A2 /* Apollo in Frameworks */,
				C7E751EF2AAD9226001FD1B3 /* Then in Frameworks */,
			);
			runOnlyForDeploymentPostprocessing = 0;
		};
		C7CF65462AA490B2001EF16F /* Frameworks */ = {
			isa = PBXFrameworksBuildPhase;
			buildActionMask = 2147483647;
			files = (
			);
			runOnlyForDeploymentPostprocessing = 0;
		};
		C7CF65502AA490B2001EF16F /* Frameworks */ = {
			isa = PBXFrameworksBuildPhase;
			buildActionMask = 2147483647;
			files = (
			);
			runOnlyForDeploymentPostprocessing = 0;
		};
/* End PBXFrameworksBuildPhase section */

/* Begin PBXGroup section */
		A08D929EB1E204F61B36F74D /* Utility */ = {
			isa = PBXGroup;
			children = (
				A08D93DC0E81F8832666BA97 /* CustomFont.swift */,
				C7548F842AA5A72400C354A2 /* Localization.swift */,
				C7548F882AA5B7EE00C354A2 /* StatusBar.swift */,
				C7DD8F022AAAD66B006958D7 /* Toast.swift */,
			);
			path = Utility;
			sourceTree = "<group>";
		};
		A08D94DFA66F21B4AD9F19A3 /* Realtime */ = {
			isa = PBXGroup;
			children = (
				A08D9129EA758722AF6B129A /* ShuttleRealtimeViewController.swift */,
				C7548F9A2AA6AE2800C354A2 /* ShuttleRealtimeListViewController.swift */,
				C7548F9C2AA6B84C00C354A2 /* ShuttleRealtimeHeaderView.swift */,
				C736EB642AA8863D005A42F7 /* ShuttleRealtimeFooterView.swift */,
				C736EB662AA88E4B005A42F7 /* ShuttleRealtimeListItemView.swift */,
				C736EB6B2AA8AA79005A42F7 /* ShuttleEmptyListItemView.swift */,
				C7E9F8222AA99DD30064B873 /* ShuttleStop.swift */,
				C736EB692AA8A883005A42F7 /* ShuttleArrivalItem.swift */,
				C7E9F8242AA9E6BA0064B873 /* ShuttleCellView.swift */,
			);
			path = Realtime;
			sourceTree = "<group>";
		};
		A08D954D805B8E8AE46EBBA6 /* Localization */ = {
			isa = PBXGroup;
			children = (
				C7CF656B2AA59C27001EF16F /* InfoPlist.strings */,
				C7548F822AA5A5F800C354A2 /* Navigation.xcstrings */,
				C7548F982AA6031500C354A2 /* Shuttle.xcstrings */,
				C7DD8F042AAAD695006958D7 /* Localizable.xcstrings */,
				C7E751F02AAD929F001FD1B3 /* Bus.xcstrings */,
			);
			path = Localization;
			sourceTree = "<group>";
		};
		A08D994272B2A93FFB8CCC16 /* ViewControllers */ = {
			isa = PBXGroup;
			children = (
				C7E751E72AAD8B25001FD1B3 /* Bus */,
				A08D97FFF292F33C23014BE2 /* TabBarViewController.swift */,
				A08D9D7BE982452A59D86F45 /* Shuttle */,
			);
			path = ViewControllers;
			sourceTree = "<group>";
		};
		A08D9C8E0B0FBB48EDB21AD7 /* Fonts */ = {
			isa = PBXGroup;
			children = (
				A08D92BB1E56D196F86E94B9 /* Poppins-Black.ttf */,
				A08D9F35C13E093067817748 /* Poppins-BlackItalic.ttf */,
				A08D99F6BDF039A4AE174903 /* Poppins-Bold.ttf */,
				A08D96BF0977FC8C726E5D60 /* Poppins-BoldItalic.ttf */,
				A08D96BB164466F6CA829674 /* Poppins-ExtraBold.ttf */,
				A08D94CBCF7E61D5E57CB0E7 /* Poppins-ExtraBoldItalic.ttf */,
				A08D9772B0B398DFC1D97416 /* Poppins-ExtraLight.ttf */,
				A08D9EC7734F993131E40B28 /* Poppins-ExtraLightItalic.ttf */,
				A08D9ECE24103805739F5A1C /* Poppins-Italic.ttf */,
				A08D9E822CDD00CD9D66EE31 /* Poppins-Light.ttf */,
				A08D957CE091AAAB1C73840C /* Poppins-LightItalic.ttf */,
				A08D938F744A95E396C053E5 /* Poppins-Medium.ttf */,
				A08D9FB6C4319949BCD35FEC /* Poppins-MediumItalic.ttf */,
				A08D9DEE3AE2C3FBAD63209E /* Poppins-Regular.ttf */,
				A08D9823993A68E16A24EF1B /* Poppins-SemiBold.ttf */,
				A08D9592B06467942551A431 /* Poppins-SemiBoldItalic.ttf */,
				A08D9AD3AA2D720C6F5A852D /* Poppins-Thin.ttf */,
				A08D98347023BC38CCC1771E /* Poppins-ThinItalic.ttf */,
			);
			path = Fonts;
			sourceTree = "<group>";
		};
		A08D9D7BE982452A59D86F45 /* Shuttle */ = {
			isa = PBXGroup;
			children = (
				C7E9F8262AA9F92D0064B873 /* Timetable */,
				A08D94DFA66F21B4AD9F19A3 /* Realtime */,
				C7548F862AA5A86900C354A2 /* ShuttleNavigationController.swift */,
			);
			path = Shuttle;
			sourceTree = "<group>";
		};
		C736EB5E2AA87AC0005A42F7 /* Services */ = {
			isa = PBXGroup;
			children = (
				C736EB5F2AA87AD4005A42F7 /* Network.swift */,
			);
			path = Services;
			sourceTree = "<group>";
		};
		C7548F8A2AA5E75C00C354A2 /* Components */ = {
			isa = PBXGroup;
			children = (
				C7548F8B2AA5E76F00C354A2 /* ViewPager */,
			);
			path = Components;
			sourceTree = "<group>";
		};
		C7548F8B2AA5E76F00C354A2 /* ViewPager */ = {
			isa = PBXGroup;
			children = (
				C7548F8C2AA5E77900C354A2 /* ViewPager.swift */,
				C7548F8E2AA5E7B800C354A2 /* TabbedView.swift */,
				C7548F902AA5E8CB00C354A2 /* TabCollectionViewCell.swift */,
				C7548F922AA5EF4400C354A2 /* PagedView.swift */,
				C7548F962AA5F1C200C354A2 /* AppTabItem.swift */,
				C7548F942AA5F0E900C354A2 /* PagedCollectionViewCell.swift */,
			);
			path = ViewPager;
			sourceTree = "<group>";
		};
		C7548FA12AA6C9C900C354A2 /* query */ = {
			isa = PBXGroup;
			children = (
			);
			path = query;
			sourceTree = "<group>";
		};
		C7874FC02AAEAC3300BB9EF5 /* Timetable */ = {
			isa = PBXGroup;
			children = (
				C7874FC12AAEAC4200BB9EF5 /* BusTimetableQueryParams.swift */,
				C7874FC32AAEAC9500BB9EF5 /* BusTimetableViewController.swift */,
			);
			path = Timetable;
			sourceTree = "<group>";
		};
		C7CF652A2AA490B1001EF16F = {
			isa = PBXGroup;
			children = (
				C7548FA12AA6C9C900C354A2 /* query */,
				C7CF65352AA490B1001EF16F /* hyuabot */,
				C7CF654C2AA490B2001EF16F /* hyuabotTests */,
				C7CF65562AA490B2001EF16F /* hyuabotUITests */,
				C7CF65342AA490B1001EF16F /* Products */,
			);
			sourceTree = "<group>";
		};
		C7CF65342AA490B1001EF16F /* Products */ = {
			isa = PBXGroup;
			children = (
				C7CF65332AA490B1001EF16F /* hyuabot.app */,
				C7CF65492AA490B2001EF16F /* hyuabotTests.xctest */,
				C7CF65532AA490B2001EF16F /* hyuabotUITests.xctest */,
			);
			name = Products;
			sourceTree = "<group>";
		};
		C7CF65352AA490B1001EF16F /* hyuabot */ = {
			isa = PBXGroup;
			children = (
				C736EB5E2AA87AC0005A42F7 /* Services */,
				C7548F8A2AA5E75C00C354A2 /* Components */,
				C7CF65362AA490B1001EF16F /* AppDelegate.swift */,
				C7CF653F2AA490B2001EF16F /* Assets.xcassets */,
				C7CF65412AA490B2001EF16F /* LaunchScreen.storyboard */,
				C7CF65442AA490B2001EF16F /* Info.plist */,
				C7CF65662AA57F0D001EF16F /* SceneDelegate.swift */,
				A08D994272B2A93FFB8CCC16 /* ViewControllers */,
				A08D9C8E0B0FBB48EDB21AD7 /* Fonts */,
				A08D929EB1E204F61B36F74D /* Utility */,
				A08D954D805B8E8AE46EBBA6 /* Localization */,
			);
			path = hyuabot;
			sourceTree = "<group>";
		};
		C7CF654C2AA490B2001EF16F /* hyuabotTests */ = {
			isa = PBXGroup;
			children = (
				C7CF654D2AA490B2001EF16F /* hyuabotTests.swift */,
			);
			path = hyuabotTests;
			sourceTree = "<group>";
		};
		C7CF65562AA490B2001EF16F /* hyuabotUITests */ = {
			isa = PBXGroup;
			children = (
				C7CF65572AA490B2001EF16F /* hyuabotUITests.swift */,
				C7CF65592AA490B2001EF16F /* hyuabotUITestsLaunchTests.swift */,
			);
			path = hyuabotUITests;
			sourceTree = "<group>";
		};
		C7E751E72AAD8B25001FD1B3 /* Bus */ = {
			isa = PBXGroup;
			children = (
				C7874FC02AAEAC3300BB9EF5 /* Timetable */,
				C7E751EC2AAD8BCF001FD1B3 /* Realtime */,
				C7E751E82AAD8B3C001FD1B3 /* BusNavigationController.swift */,
			);
			path = Bus;
			sourceTree = "<group>";
		};
		C7E751EC2AAD8BCF001FD1B3 /* Realtime */ = {
			isa = PBXGroup;
			children = (
				C7E751EA2AAD8BB4001FD1B3 /* BusRealtimeViewController.swift */,
				C7E751F32AAD95B8001FD1B3 /* BusType.swift */,
				C7E751F52AAD95E2001FD1B3 /* BusRealtimeListViewController.swift */,
				C7E751F72AAD96F6001FD1B3 /* BusArrivalItem.swift */,
				C7E751F92AAD98EE001FD1B3 /* BusRealtimeHeaderView.swift */,
				C7E751FF2AADAD72001FD1B3 /* BusRealtimeListItemView.swift */,
				C7E751FB2AAD98FD001FD1B3 /* BusRealtimeFooterView.swift */,
				C7E751FD2AAD9BF2001FD1B3 /* BusEmptyListView.swift */,
			);
			path = Realtime;
			sourceTree = "<group>";
		};
		C7E9F8262AA9F92D0064B873 /* Timetable */ = {
			isa = PBXGroup;
			children = (
				C7DD8F062AAAED36006958D7 /* ShuttleTimetableQueryParams.swift */,
				C7E751D92AAB2F90001FD1B3 /* ShuttleTimetableViewController.swift */,
				C7E751DD2AAB3002001FD1B3 /* ShuttleDate.swift */,
				C7E751DF2AAB3B9B001FD1B3 /* ShuttleTimetableListViewController.swift */,
				C7E751E12AAB3D2B001FD1B3 /* ShuttleTimetableItem.swift */,
				C7E751E32AAB3E34001FD1B3 /* ShuttleTimetableListItemView.swift */,
				C7E751E52AAC90FA001FD1B3 /* ShuttleTimetableParamViewController.swift */,
			);
			path = Timetable;
			sourceTree = "<group>";
		};
/* End PBXGroup section */

/* Begin PBXNativeTarget section */
		C7CF65322AA490B1001EF16F /* hyuabot */ = {
			isa = PBXNativeTarget;
			buildConfigurationList = C7CF655D2AA490B2001EF16F /* Build configuration list for PBXNativeTarget "hyuabot" */;
			buildPhases = (
				C7CF652F2AA490B1001EF16F /* Sources */,
				C7CF65302AA490B1001EF16F /* Frameworks */,
				C7CF65312AA490B1001EF16F /* Resources */,
			);
			buildRules = (
			);
			dependencies = (
			);
			name = hyuabot;
			packageProductDependencies = (
				C7548F9F2AA6BB3D00C354A2 /* Apollo */,
				C736EB5C2AA87AA4005A42F7 /* QueryAPI */,
				C736EB622AA87E86005A42F7 /* RxSwift */,
				C7E751EE2AAD9226001FD1B3 /* Then */,
			);
			productName = hyuabot;
			productReference = C7CF65332AA490B1001EF16F /* hyuabot.app */;
			productType = "com.apple.product-type.application";
		};
		C7CF65482AA490B2001EF16F /* hyuabotTests */ = {
			isa = PBXNativeTarget;
			buildConfigurationList = C7CF65602AA490B2001EF16F /* Build configuration list for PBXNativeTarget "hyuabotTests" */;
			buildPhases = (
				C7CF65452AA490B2001EF16F /* Sources */,
				C7CF65462AA490B2001EF16F /* Frameworks */,
				C7CF65472AA490B2001EF16F /* Resources */,
			);
			buildRules = (
			);
			dependencies = (
				C7CF654B2AA490B2001EF16F /* PBXTargetDependency */,
			);
			name = hyuabotTests;
			productName = hyuabotTests;
			productReference = C7CF65492AA490B2001EF16F /* hyuabotTests.xctest */;
			productType = "com.apple.product-type.bundle.unit-test";
		};
		C7CF65522AA490B2001EF16F /* hyuabotUITests */ = {
			isa = PBXNativeTarget;
			buildConfigurationList = C7CF65632AA490B2001EF16F /* Build configuration list for PBXNativeTarget "hyuabotUITests" */;
			buildPhases = (
				C7CF654F2AA490B2001EF16F /* Sources */,
				C7CF65502AA490B2001EF16F /* Frameworks */,
				C7CF65512AA490B2001EF16F /* Resources */,
			);
			buildRules = (
			);
			dependencies = (
				C7CF65552AA490B2001EF16F /* PBXTargetDependency */,
			);
			name = hyuabotUITests;
			productName = hyuabotUITests;
			productReference = C7CF65532AA490B2001EF16F /* hyuabotUITests.xctest */;
			productType = "com.apple.product-type.bundle.ui-testing";
		};
/* End PBXNativeTarget section */

/* Begin PBXProject section */
		C7CF652B2AA490B1001EF16F /* Project object */ = {
			isa = PBXProject;
			attributes = {
				BuildIndependentTargetsInParallel = 1;
				LastSwiftUpdateCheck = 1430;
				LastUpgradeCheck = 1500;
				TargetAttributes = {
					C7CF65322AA490B1001EF16F = {
						CreatedOnToolsVersion = 14.3.1;
					};
					C7CF65482AA490B2001EF16F = {
						CreatedOnToolsVersion = 14.3.1;
						TestTargetID = C7CF65322AA490B1001EF16F;
					};
					C7CF65522AA490B2001EF16F = {
						CreatedOnToolsVersion = 14.3.1;
						TestTargetID = C7CF65322AA490B1001EF16F;
					};
				};
			};
			buildConfigurationList = C7CF652E2AA490B1001EF16F /* Build configuration list for PBXProject "hyuabot" */;
			compatibilityVersion = "Xcode 14.0";
			developmentRegion = ko;
			hasScannedForEncodings = 0;
			knownRegions = (
				en,
				Base,
				ko,
			);
			mainGroup = C7CF652A2AA490B1001EF16F;
			packageReferences = (
				C7548F9E2AA6BB3D00C354A2 /* XCRemoteSwiftPackageReference "apollo-ios" */,
				C736EB5B2AA87AA4005A42F7 /* XCLocalSwiftPackageReference "query" */,
				C736EB612AA87E86005A42F7 /* XCRemoteSwiftPackageReference "RxSwift" */,
				C7E751ED2AAD9226001FD1B3 /* XCRemoteSwiftPackageReference "Then" */,
			);
			productRefGroup = C7CF65342AA490B1001EF16F /* Products */;
			projectDirPath = "";
			projectRoot = "";
			targets = (
				C7CF65322AA490B1001EF16F /* hyuabot */,
				C7CF65482AA490B2001EF16F /* hyuabotTests */,
				C7CF65522AA490B2001EF16F /* hyuabotUITests */,
			);
		};
/* End PBXProject section */

/* Begin PBXResourcesBuildPhase section */
		C7CF65312AA490B1001EF16F /* Resources */ = {
			isa = PBXResourcesBuildPhase;
			buildActionMask = 2147483647;
			files = (
				C7CF65432AA490B2001EF16F /* LaunchScreen.storyboard in Resources */,
				C7CF65402AA490B2001EF16F /* Assets.xcassets in Resources */,
				C7DD8F052AAAD695006958D7 /* Localizable.xcstrings in Resources */,
				A08D98EBFEE07997A5D800A1 /* Poppins-Black.ttf in Resources */,
				C7548F832AA5A5F800C354A2 /* Navigation.xcstrings in Resources */,
				A08D9D7CA3D24F10890DCE64 /* Poppins-BlackItalic.ttf in Resources */,
				A08D90C36B0109CB159289E9 /* Poppins-Bold.ttf in Resources */,
				A08D94FB58A2C6B2044EC61F /* Poppins-BoldItalic.ttf in Resources */,
				A08D9ED0F5A47CB3619B4CD0 /* Poppins-ExtraBold.ttf in Resources */,
				A08D9CA1A47441B206883478 /* Poppins-ExtraBoldItalic.ttf in Resources */,
				C7548F992AA6031500C354A2 /* Shuttle.xcstrings in Resources */,
				C7E751F12AAD929F001FD1B3 /* Bus.xcstrings in Resources */,
				A08D90E67EDD25043FA63845 /* Poppins-ExtraLight.ttf in Resources */,
				A08D91B3EBED549972CA5060 /* Poppins-ExtraLightItalic.ttf in Resources */,
				A08D9271847BAC110C94D407 /* Poppins-Italic.ttf in Resources */,
				A08D9F2E67099DC7BBBFA3EF /* Poppins-Light.ttf in Resources */,
				A08D9E98A23DB695B8D15249 /* Poppins-LightItalic.ttf in Resources */,
				A08D9CFCE4C634791F7F3EC3 /* Poppins-Medium.ttf in Resources */,
				A08D923FE3C01291E6A66436 /* Poppins-MediumItalic.ttf in Resources */,
				A08D9DEE87D59F792DE68ECE /* Poppins-Regular.ttf in Resources */,
				A08D9FFD4FB070D483DB725F /* Poppins-SemiBold.ttf in Resources */,
				A08D9ACB4F723B1504C35BB5 /* Poppins-SemiBoldItalic.ttf in Resources */,
				A08D940E87B520C08DC6A313 /* Poppins-Thin.ttf in Resources */,
				A08D9572B82F61D1E4F2C0A8 /* Poppins-ThinItalic.ttf in Resources */,
				C7CF65692AA59C27001EF16F /* InfoPlist.strings in Resources */,
			);
			runOnlyForDeploymentPostprocessing = 0;
		};
		C7CF65472AA490B2001EF16F /* Resources */ = {
			isa = PBXResourcesBuildPhase;
			buildActionMask = 2147483647;
			files = (
			);
			runOnlyForDeploymentPostprocessing = 0;
		};
		C7CF65512AA490B2001EF16F /* Resources */ = {
			isa = PBXResourcesBuildPhase;
			buildActionMask = 2147483647;
			files = (
			);
			runOnlyForDeploymentPostprocessing = 0;
		};
/* End PBXResourcesBuildPhase section */

/* Begin PBXSourcesBuildPhase section */
		C7CF652F2AA490B1001EF16F /* Sources */ = {
			isa = PBXSourcesBuildPhase;
			buildActionMask = 2147483647;
			files = (
				C7CF65372AA490B1001EF16F /* AppDelegate.swift in Sources */,
				C7DD8F032AAAD66B006958D7 /* Toast.swift in Sources */,
				C7CF65672AA57F0D001EF16F /* SceneDelegate.swift in Sources */,
				C736EB652AA8863D005A42F7 /* ShuttleRealtimeFooterView.swift in Sources */,
				C7874FC22AAEAC4200BB9EF5 /* BusTimetableQueryParams.swift in Sources */,
				C7548F932AA5EF4400C354A2 /* PagedView.swift in Sources */,
				C7548F852AA5A72400C354A2 /* Localization.swift in Sources */,
				C7E751FE2AAD9BF2001FD1B3 /* BusEmptyListView.swift in Sources */,
				C7874FC42AAEAC9500BB9EF5 /* BusTimetableViewController.swift in Sources */,
				C7E9F8232AA99DD30064B873 /* ShuttleStop.swift in Sources */,
				C7548F892AA5B7EE00C354A2 /* StatusBar.swift in Sources */,
				C7E751F42AAD95B8001FD1B3 /* BusType.swift in Sources */,
				C7548F912AA5E8CB00C354A2 /* TabCollectionViewCell.swift in Sources */,
				A08D907B293A2173B6E179F6 /* TabBarViewController.swift in Sources */,
				C7548F8D2AA5E77900C354A2 /* ViewPager.swift in Sources */,
				C7E751E42AAB3E34001FD1B3 /* ShuttleTimetableListItemView.swift in Sources */,
				C7E751F82AAD96F6001FD1B3 /* BusArrivalItem.swift in Sources */,
				C7E751EB2AAD8BB4001FD1B3 /* BusRealtimeViewController.swift in Sources */,
				C7DD8F072AAAED36006958D7 /* ShuttleTimetableQueryParams.swift in Sources */,
				C7548F952AA5F0E900C354A2 /* PagedCollectionViewCell.swift in Sources */,
				C7E751FA2AAD98EE001FD1B3 /* BusRealtimeHeaderView.swift in Sources */,
				C7E751F62AAD95E2001FD1B3 /* BusRealtimeListViewController.swift in Sources */,
				C7548F9B2AA6AE2800C354A2 /* ShuttleRealtimeListViewController.swift in Sources */,
				C7E751DE2AAB3002001FD1B3 /* ShuttleDate.swift in Sources */,
				C736EB602AA87AD4005A42F7 /* Network.swift in Sources */,
				C7E9F8252AA9E6BA0064B873 /* ShuttleCellView.swift in Sources */,
				C7548F9D2AA6B84C00C354A2 /* ShuttleRealtimeHeaderView.swift in Sources */,
				C7548F8F2AA5E7B800C354A2 /* TabbedView.swift in Sources */,
				C736EB672AA88E4B005A42F7 /* ShuttleRealtimeListItemView.swift in Sources */,
				C7E752002AADAD72001FD1B3 /* BusRealtimeListItemView.swift in Sources */,
				C7548F972AA5F1C200C354A2 /* AppTabItem.swift in Sources */,
				C7E751E92AAD8B3C001FD1B3 /* BusNavigationController.swift in Sources */,
				C736EB6C2AA8AA79005A42F7 /* ShuttleEmptyListItemView.swift in Sources */,
				C736EB6A2AA8A883005A42F7 /* ShuttleArrivalItem.swift in Sources */,
				C7548F872AA5A86900C354A2 /* ShuttleNavigationController.swift in Sources */,
				C7E751E22AAB3D2B001FD1B3 /* ShuttleTimetableItem.swift in Sources */,
				A08D9B3CC14B7CB1B316B2D4 /* CustomFont.swift in Sources */,
				C7E751DA2AAB2F90001FD1B3 /* ShuttleTimetableViewController.swift in Sources */,
				C7E751E02AAB3B9B001FD1B3 /* ShuttleTimetableListViewController.swift in Sources */,
				A08D945FA4DB5FAC1469A9BD /* ShuttleRealtimeViewController.swift in Sources */,
				C7E751E62AAC90FA001FD1B3 /* ShuttleTimetableParamViewController.swift in Sources */,
				C7E751FC2AAD98FD001FD1B3 /* BusRealtimeFooterView.swift in Sources */,
			);
			runOnlyForDeploymentPostprocessing = 0;
		};
		C7CF65452AA490B2001EF16F /* Sources */ = {
			isa = PBXSourcesBuildPhase;
			buildActionMask = 2147483647;
			files = (
				C7CF654E2AA490B2001EF16F /* hyuabotTests.swift in Sources */,
			);
			runOnlyForDeploymentPostprocessing = 0;
		};
		C7CF654F2AA490B2001EF16F /* Sources */ = {
			isa = PBXSourcesBuildPhase;
			buildActionMask = 2147483647;
			files = (
				C7CF65582AA490B2001EF16F /* hyuabotUITests.swift in Sources */,
				C7CF655A2AA490B2001EF16F /* hyuabotUITestsLaunchTests.swift in Sources */,
			);
			runOnlyForDeploymentPostprocessing = 0;
		};
/* End PBXSourcesBuildPhase section */

/* Begin PBXTargetDependency section */
		C7CF654B2AA490B2001EF16F /* PBXTargetDependency */ = {
			isa = PBXTargetDependency;
			target = C7CF65322AA490B1001EF16F /* hyuabot */;
			targetProxy = C7CF654A2AA490B2001EF16F /* PBXContainerItemProxy */;
		};
		C7CF65552AA490B2001EF16F /* PBXTargetDependency */ = {
			isa = PBXTargetDependency;
			target = C7CF65322AA490B1001EF16F /* hyuabot */;
			targetProxy = C7CF65542AA490B2001EF16F /* PBXContainerItemProxy */;
		};
/* End PBXTargetDependency section */

/* Begin PBXVariantGroup section */
		C7CF65412AA490B2001EF16F /* LaunchScreen.storyboard */ = {
			isa = PBXVariantGroup;
			children = (
				C7CF65422AA490B2001EF16F /* Base */,
				C7CF65682AA59C11001EF16F /* ko */,
			);
			name = LaunchScreen.storyboard;
			sourceTree = "<group>";
		};
		C7CF656B2AA59C27001EF16F /* InfoPlist.strings */ = {
			isa = PBXVariantGroup;
			children = (
				C7CF656A2AA59C27001EF16F /* en */,
				C7CF656C2AA59C34001EF16F /* ko */,
			);
			name = InfoPlist.strings;
			sourceTree = "<group>";
		};
/* End PBXVariantGroup section */

/* Begin XCBuildConfiguration section */
		C7CF655B2AA490B2001EF16F /* Debug */ = {
			isa = XCBuildConfiguration;
			buildSettings = {
				ALWAYS_SEARCH_USER_PATHS = NO;
				ASSETCATALOG_COMPILER_GENERATE_SWIFT_ASSET_SYMBOL_EXTENSIONS = YES;
				CLANG_ANALYZER_LOCALIZABILITY_NONLOCALIZED = YES;
				CLANG_ANALYZER_NONNULL = YES;
				CLANG_ANALYZER_NUMBER_OBJECT_CONVERSION = YES_AGGRESSIVE;
				CLANG_CXX_LANGUAGE_STANDARD = "gnu++20";
				CLANG_ENABLE_MODULES = YES;
				CLANG_ENABLE_OBJC_ARC = YES;
				CLANG_ENABLE_OBJC_WEAK = YES;
				CLANG_WARN_BLOCK_CAPTURE_AUTORELEASING = YES;
				CLANG_WARN_BOOL_CONVERSION = YES;
				CLANG_WARN_COMMA = YES;
				CLANG_WARN_CONSTANT_CONVERSION = YES;
				CLANG_WARN_DEPRECATED_OBJC_IMPLEMENTATIONS = YES;
				CLANG_WARN_DIRECT_OBJC_ISA_USAGE = YES_ERROR;
				CLANG_WARN_DOCUMENTATION_COMMENTS = YES;
				CLANG_WARN_EMPTY_BODY = YES;
				CLANG_WARN_ENUM_CONVERSION = YES;
				CLANG_WARN_INFINITE_RECURSION = YES;
				CLANG_WARN_INT_CONVERSION = YES;
				CLANG_WARN_NON_LITERAL_NULL_CONVERSION = YES;
				CLANG_WARN_OBJC_IMPLICIT_RETAIN_SELF = YES;
				CLANG_WARN_OBJC_LITERAL_CONVERSION = YES;
				CLANG_WARN_OBJC_ROOT_CLASS = YES_ERROR;
				CLANG_WARN_QUOTED_INCLUDE_IN_FRAMEWORK_HEADER = YES;
				CLANG_WARN_RANGE_LOOP_ANALYSIS = YES;
				CLANG_WARN_STRICT_PROTOTYPES = YES;
				CLANG_WARN_SUSPICIOUS_MOVE = YES;
				CLANG_WARN_UNGUARDED_AVAILABILITY = YES_AGGRESSIVE;
				CLANG_WARN_UNREACHABLE_CODE = YES;
				CLANG_WARN__DUPLICATE_METHOD_MATCH = YES;
				COPY_PHASE_STRIP = NO;
				DEBUG_INFORMATION_FORMAT = dwarf;
				ENABLE_STRICT_OBJC_MSGSEND = YES;
				ENABLE_TESTABILITY = YES;
				ENABLE_USER_SCRIPT_SANDBOXING = YES;
				GCC_C_LANGUAGE_STANDARD = gnu11;
				GCC_DYNAMIC_NO_PIC = NO;
				GCC_NO_COMMON_BLOCKS = YES;
				GCC_OPTIMIZATION_LEVEL = 0;
				GCC_PREPROCESSOR_DEFINITIONS = (
					"DEBUG=1",
					"$(inherited)",
				);
				GCC_WARN_64_TO_32_BIT_CONVERSION = YES;
				GCC_WARN_ABOUT_RETURN_TYPE = YES_ERROR;
				GCC_WARN_UNDECLARED_SELECTOR = YES;
				GCC_WARN_UNINITIALIZED_AUTOS = YES_AGGRESSIVE;
				GCC_WARN_UNUSED_FUNCTION = YES;
				GCC_WARN_UNUSED_VARIABLE = YES;
				IPHONEOS_DEPLOYMENT_TARGET = 16.4;
				MTL_ENABLE_DEBUG_INFO = INCLUDE_SOURCE;
				MTL_FAST_MATH = YES;
				ONLY_ACTIVE_ARCH = YES;
				SDKROOT = iphoneos;
				SWIFT_ACTIVE_COMPILATION_CONDITIONS = DEBUG;
				SWIFT_OPTIMIZATION_LEVEL = "-Onone";
			};
			name = Debug;
		};
		C7CF655C2AA490B2001EF16F /* Release */ = {
			isa = XCBuildConfiguration;
			buildSettings = {
				ALWAYS_SEARCH_USER_PATHS = NO;
				ASSETCATALOG_COMPILER_GENERATE_SWIFT_ASSET_SYMBOL_EXTENSIONS = YES;
				CLANG_ANALYZER_LOCALIZABILITY_NONLOCALIZED = YES;
				CLANG_ANALYZER_NONNULL = YES;
				CLANG_ANALYZER_NUMBER_OBJECT_CONVERSION = YES_AGGRESSIVE;
				CLANG_CXX_LANGUAGE_STANDARD = "gnu++20";
				CLANG_ENABLE_MODULES = YES;
				CLANG_ENABLE_OBJC_ARC = YES;
				CLANG_ENABLE_OBJC_WEAK = YES;
				CLANG_WARN_BLOCK_CAPTURE_AUTORELEASING = YES;
				CLANG_WARN_BOOL_CONVERSION = YES;
				CLANG_WARN_COMMA = YES;
				CLANG_WARN_CONSTANT_CONVERSION = YES;
				CLANG_WARN_DEPRECATED_OBJC_IMPLEMENTATIONS = YES;
				CLANG_WARN_DIRECT_OBJC_ISA_USAGE = YES_ERROR;
				CLANG_WARN_DOCUMENTATION_COMMENTS = YES;
				CLANG_WARN_EMPTY_BODY = YES;
				CLANG_WARN_ENUM_CONVERSION = YES;
				CLANG_WARN_INFINITE_RECURSION = YES;
				CLANG_WARN_INT_CONVERSION = YES;
				CLANG_WARN_NON_LITERAL_NULL_CONVERSION = YES;
				CLANG_WARN_OBJC_IMPLICIT_RETAIN_SELF = YES;
				CLANG_WARN_OBJC_LITERAL_CONVERSION = YES;
				CLANG_WARN_OBJC_ROOT_CLASS = YES_ERROR;
				CLANG_WARN_QUOTED_INCLUDE_IN_FRAMEWORK_HEADER = YES;
				CLANG_WARN_RANGE_LOOP_ANALYSIS = YES;
				CLANG_WARN_STRICT_PROTOTYPES = YES;
				CLANG_WARN_SUSPICIOUS_MOVE = YES;
				CLANG_WARN_UNGUARDED_AVAILABILITY = YES_AGGRESSIVE;
				CLANG_WARN_UNREACHABLE_CODE = YES;
				CLANG_WARN__DUPLICATE_METHOD_MATCH = YES;
				COPY_PHASE_STRIP = NO;
				DEBUG_INFORMATION_FORMAT = "dwarf-with-dsym";
				ENABLE_NS_ASSERTIONS = NO;
				ENABLE_STRICT_OBJC_MSGSEND = YES;
				ENABLE_USER_SCRIPT_SANDBOXING = YES;
				GCC_C_LANGUAGE_STANDARD = gnu11;
				GCC_NO_COMMON_BLOCKS = YES;
				GCC_WARN_64_TO_32_BIT_CONVERSION = YES;
				GCC_WARN_ABOUT_RETURN_TYPE = YES_ERROR;
				GCC_WARN_UNDECLARED_SELECTOR = YES;
				GCC_WARN_UNINITIALIZED_AUTOS = YES_AGGRESSIVE;
				GCC_WARN_UNUSED_FUNCTION = YES;
				GCC_WARN_UNUSED_VARIABLE = YES;
				IPHONEOS_DEPLOYMENT_TARGET = 16.4;
				MTL_ENABLE_DEBUG_INFO = NO;
				MTL_FAST_MATH = YES;
				SDKROOT = iphoneos;
				SWIFT_COMPILATION_MODE = wholemodule;
				SWIFT_OPTIMIZATION_LEVEL = "-O";
				VALIDATE_PRODUCT = YES;
			};
			name = Release;
		};
		C7CF655E2AA490B2001EF16F /* Debug */ = {
			isa = XCBuildConfiguration;
			buildSettings = {
				ASSETCATALOG_COMPILER_APPICON_NAME = AppIcon;
				ASSETCATALOG_COMPILER_GLOBAL_ACCENT_COLOR_NAME = AccentColor;
				ASSETCATALOG_COMPILER_INCLUDE_ALL_APPICON_ASSETS = NO;
				CODE_SIGN_STYLE = Automatic;
				CURRENT_PROJECT_VERSION = 1;
				DEVELOPMENT_TEAM = 9YYP5T2RL4;
				GENERATE_INFOPLIST_FILE = YES;
				INFOPLIST_FILE = hyuabot/Info.plist;
				INFOPLIST_KEY_UIApplicationSupportsIndirectInputEvents = YES;
				INFOPLIST_KEY_UILaunchStoryboardName = LaunchScreen;
				INFOPLIST_KEY_UISupportedInterfaceOrientations_iPad = "UIInterfaceOrientationPortrait UIInterfaceOrientationPortraitUpsideDown UIInterfaceOrientationLandscapeLeft UIInterfaceOrientationLandscapeRight";
				INFOPLIST_KEY_UISupportedInterfaceOrientations_iPhone = "UIInterfaceOrientationPortrait UIInterfaceOrientationLandscapeLeft UIInterfaceOrientationLandscapeRight";
				LD_RUNPATH_SEARCH_PATHS = (
					"$(inherited)",
					"@executable_path/Frameworks",
				);
				MARKETING_VERSION = 1.0;
				PRODUCT_BUNDLE_IDENTIFIER = net.jaram.hyuabot;
				PRODUCT_NAME = "$(TARGET_NAME)";
				SWIFT_EMIT_LOC_STRINGS = YES;
				SWIFT_VERSION = 5.0;
				TARGETED_DEVICE_FAMILY = "1,2";
			};
			name = Debug;
		};
		C7CF655F2AA490B2001EF16F /* Release */ = {
			isa = XCBuildConfiguration;
			buildSettings = {
				ASSETCATALOG_COMPILER_APPICON_NAME = AppIcon;
				ASSETCATALOG_COMPILER_GLOBAL_ACCENT_COLOR_NAME = AccentColor;
				ASSETCATALOG_COMPILER_INCLUDE_ALL_APPICON_ASSETS = NO;
				CODE_SIGN_STYLE = Automatic;
				CURRENT_PROJECT_VERSION = 1;
				DEVELOPMENT_TEAM = 9YYP5T2RL4;
				GENERATE_INFOPLIST_FILE = YES;
				INFOPLIST_FILE = hyuabot/Info.plist;
				INFOPLIST_KEY_UIApplicationSupportsIndirectInputEvents = YES;
				INFOPLIST_KEY_UILaunchStoryboardName = LaunchScreen;
				INFOPLIST_KEY_UISupportedInterfaceOrientations_iPad = "UIInterfaceOrientationPortrait UIInterfaceOrientationPortraitUpsideDown UIInterfaceOrientationLandscapeLeft UIInterfaceOrientationLandscapeRight";
				INFOPLIST_KEY_UISupportedInterfaceOrientations_iPhone = "UIInterfaceOrientationPortrait UIInterfaceOrientationLandscapeLeft UIInterfaceOrientationLandscapeRight";
				LD_RUNPATH_SEARCH_PATHS = (
					"$(inherited)",
					"@executable_path/Frameworks",
				);
				MARKETING_VERSION = 1.0;
				PRODUCT_BUNDLE_IDENTIFIER = net.jaram.hyuabot;
				PRODUCT_NAME = "$(TARGET_NAME)";
				SWIFT_EMIT_LOC_STRINGS = YES;
				SWIFT_VERSION = 5.0;
				TARGETED_DEVICE_FAMILY = "1,2";
			};
			name = Release;
		};
		C7CF65612AA490B2001EF16F /* Debug */ = {
			isa = XCBuildConfiguration;
			buildSettings = {
				ALWAYS_EMBED_SWIFT_STANDARD_LIBRARIES = YES;
				BUNDLE_LOADER = "$(TEST_HOST)";
				CODE_SIGN_STYLE = Automatic;
				CURRENT_PROJECT_VERSION = 1;
				DEVELOPMENT_TEAM = 9YYP5T2RL4;
				GENERATE_INFOPLIST_FILE = YES;
				IPHONEOS_DEPLOYMENT_TARGET = 16.4;
				MARKETING_VERSION = 1.0;
				PRODUCT_BUNDLE_IDENTIFIER = net.jaram.hyuabotTests;
				PRODUCT_NAME = "$(TARGET_NAME)";
				SWIFT_EMIT_LOC_STRINGS = NO;
				SWIFT_VERSION = 5.0;
				TARGETED_DEVICE_FAMILY = "1,2";
				TEST_HOST = "$(BUILT_PRODUCTS_DIR)/hyuabot.app/$(BUNDLE_EXECUTABLE_FOLDER_PATH)/hyuabot";
			};
			name = Debug;
		};
		C7CF65622AA490B2001EF16F /* Release */ = {
			isa = XCBuildConfiguration;
			buildSettings = {
				ALWAYS_EMBED_SWIFT_STANDARD_LIBRARIES = YES;
				BUNDLE_LOADER = "$(TEST_HOST)";
				CODE_SIGN_STYLE = Automatic;
				CURRENT_PROJECT_VERSION = 1;
				DEVELOPMENT_TEAM = 9YYP5T2RL4;
				GENERATE_INFOPLIST_FILE = YES;
				IPHONEOS_DEPLOYMENT_TARGET = 16.4;
				MARKETING_VERSION = 1.0;
				PRODUCT_BUNDLE_IDENTIFIER = net.jaram.hyuabotTests;
				PRODUCT_NAME = "$(TARGET_NAME)";
				SWIFT_EMIT_LOC_STRINGS = NO;
				SWIFT_VERSION = 5.0;
				TARGETED_DEVICE_FAMILY = "1,2";
				TEST_HOST = "$(BUILT_PRODUCTS_DIR)/hyuabot.app/$(BUNDLE_EXECUTABLE_FOLDER_PATH)/hyuabot";
			};
			name = Release;
		};
		C7CF65642AA490B2001EF16F /* Debug */ = {
			isa = XCBuildConfiguration;
			buildSettings = {
				ALWAYS_EMBED_SWIFT_STANDARD_LIBRARIES = YES;
				CODE_SIGN_STYLE = Automatic;
				CURRENT_PROJECT_VERSION = 1;
				DEVELOPMENT_TEAM = 9YYP5T2RL4;
				GENERATE_INFOPLIST_FILE = YES;
				MARKETING_VERSION = 1.0;
				PRODUCT_BUNDLE_IDENTIFIER = net.jaram.hyuabotUITests;
				PRODUCT_NAME = "$(TARGET_NAME)";
				SWIFT_EMIT_LOC_STRINGS = NO;
				SWIFT_VERSION = 5.0;
				TARGETED_DEVICE_FAMILY = "1,2";
				TEST_TARGET_NAME = hyuabot;
			};
			name = Debug;
		};
		C7CF65652AA490B2001EF16F /* Release */ = {
			isa = XCBuildConfiguration;
			buildSettings = {
				ALWAYS_EMBED_SWIFT_STANDARD_LIBRARIES = YES;
				CODE_SIGN_STYLE = Automatic;
				CURRENT_PROJECT_VERSION = 1;
				DEVELOPMENT_TEAM = 9YYP5T2RL4;
				GENERATE_INFOPLIST_FILE = YES;
				MARKETING_VERSION = 1.0;
				PRODUCT_BUNDLE_IDENTIFIER = net.jaram.hyuabotUITests;
				PRODUCT_NAME = "$(TARGET_NAME)";
				SWIFT_EMIT_LOC_STRINGS = NO;
				SWIFT_VERSION = 5.0;
				TARGETED_DEVICE_FAMILY = "1,2";
				TEST_TARGET_NAME = hyuabot;
			};
			name = Release;
		};
/* End XCBuildConfiguration section */

/* Begin XCConfigurationList section */
		C7CF652E2AA490B1001EF16F /* Build configuration list for PBXProject "hyuabot" */ = {
			isa = XCConfigurationList;
			buildConfigurations = (
				C7CF655B2AA490B2001EF16F /* Debug */,
				C7CF655C2AA490B2001EF16F /* Release */,
			);
			defaultConfigurationIsVisible = 0;
			defaultConfigurationName = Release;
		};
		C7CF655D2AA490B2001EF16F /* Build configuration list for PBXNativeTarget "hyuabot" */ = {
			isa = XCConfigurationList;
			buildConfigurations = (
				C7CF655E2AA490B2001EF16F /* Debug */,
				C7CF655F2AA490B2001EF16F /* Release */,
			);
			defaultConfigurationIsVisible = 0;
			defaultConfigurationName = Release;
		};
		C7CF65602AA490B2001EF16F /* Build configuration list for PBXNativeTarget "hyuabotTests" */ = {
			isa = XCConfigurationList;
			buildConfigurations = (
				C7CF65612AA490B2001EF16F /* Debug */,
				C7CF65622AA490B2001EF16F /* Release */,
			);
			defaultConfigurationIsVisible = 0;
			defaultConfigurationName = Release;
		};
		C7CF65632AA490B2001EF16F /* Build configuration list for PBXNativeTarget "hyuabotUITests" */ = {
			isa = XCConfigurationList;
			buildConfigurations = (
				C7CF65642AA490B2001EF16F /* Debug */,
				C7CF65652AA490B2001EF16F /* Release */,
			);
			defaultConfigurationIsVisible = 0;
			defaultConfigurationName = Release;
		};
/* End XCConfigurationList section */

/* Begin XCLocalSwiftPackageReference section */
		C736EB5B2AA87AA4005A42F7 /* XCLocalSwiftPackageReference "query" */ = {
			isa = XCLocalSwiftPackageReference;
			relativePath = query;
		};
/* End XCLocalSwiftPackageReference section */

/* Begin XCRemoteSwiftPackageReference section */
		C736EB612AA87E86005A42F7 /* XCRemoteSwiftPackageReference "RxSwift" */ = {
			isa = XCRemoteSwiftPackageReference;
			repositoryURL = "https://github.com/ReactiveX/RxSwift";
			requirement = {
				kind = upToNextMajorVersion;
				minimumVersion = 6.6.0;
			};
		};
		C7548F9E2AA6BB3D00C354A2 /* XCRemoteSwiftPackageReference "apollo-ios" */ = {
			isa = XCRemoteSwiftPackageReference;
			repositoryURL = "https://github.com/apollographql/apollo-ios.git";
			requirement = {
				kind = upToNextMajorVersion;
				minimumVersion = 1.4.0;
			};
		};
		C7E751ED2AAD9226001FD1B3 /* XCRemoteSwiftPackageReference "Then" */ = {
			isa = XCRemoteSwiftPackageReference;
			repositoryURL = "https://github.com/devxoul/Then";
			requirement = {
				kind = upToNextMajorVersion;
				minimumVersion = 3.0.0;
			};
		};
/* End XCRemoteSwiftPackageReference section */

/* Begin XCSwiftPackageProductDependency section */
		C736EB5C2AA87AA4005A42F7 /* QueryAPI */ = {
			isa = XCSwiftPackageProductDependency;
			productName = QueryAPI;
		};
		C736EB622AA87E86005A42F7 /* RxSwift */ = {
			isa = XCSwiftPackageProductDependency;
			package = C736EB612AA87E86005A42F7 /* XCRemoteSwiftPackageReference "RxSwift" */;
			productName = RxSwift;
		};
		C7548F9F2AA6BB3D00C354A2 /* Apollo */ = {
			isa = XCSwiftPackageProductDependency;
			package = C7548F9E2AA6BB3D00C354A2 /* XCRemoteSwiftPackageReference "apollo-ios" */;
			productName = Apollo;
		};
		C7E751EE2AAD9226001FD1B3 /* Then */ = {
			isa = XCSwiftPackageProductDependency;
			package = C7E751ED2AAD9226001FD1B3 /* XCRemoteSwiftPackageReference "Then" */;
			productName = Then;
		};
/* End XCSwiftPackageProductDependency section */
	};
	rootObject = C7CF652B2AA490B1001EF16F /* Project object */;
}
